
Microsoft Visual Studio Solution File, Format Version 12.00
# Visual Studio Version 16
VisualStudioVersion = 16.0.30621.155
MinimumVisualStudioVersion = 10.0.40219.1
Project("{FAE04EC0-301F-11D3-BF4B-00C04F79EFBC}") = "_MB", "_MB\_MB.csproj", "{77255576-1A80-42A1-A414-59464DAE6F98}"
EndProject
Global
	GlobalSection(SolutionConfigurationPlatforms) = preSolution
		Debug|Any CPU = Debug|Any CPU
		Release|Any CPU = Release|Any CPU
	EndGlobalSection
	GlobalSection(ProjectConfigurationPlatforms) = postSolution
		{77255576-1A80-42A1-A414-59464DAE6F98}.Debug|Any CPU.ActiveCfg = Debug|Any CPU
		{77255576-1A80-42A1-A414-59464DAE6F98}.Debug|Any CPU.Build.0 = Debug|Any CPU
		{77255576-1A80-42A1-A414-59464DAE6F98}.Release|Any CPU.ActiveCfg = Release|Any CPU
		{77255576-1A80-42A1-A414-59464DAE6F98}.Release|Any CPU.Build.0 = Release|Any CPU
	EndGlobalSection
	GlobalSection(SolutionProperties) = preSolution
		HideSolutionNode = FALSE
	EndGlobalSection
	GlobalSection(ExtensibilityGlobals) = postSolution
		SolutionGuid = {555D097C-1D56-496D-B6D8-86AADC0C03D0}
	EndGlobalSection
EndGlobal
